
Microsoft Visual Studio Solution File, Format Version 12.00
# Visual Studio Version 16
VisualStudioVersion = 16.0.31112.23
MinimumVisualStudioVersion = 10.0.40219.1
Project("{FAE04EC0-301F-11D3-BF4B-00C04F79EFBC}") = "_001 - Upoznavanje i uvod u OOP", "_001 - Upoznavanje i uvod u OOP.csproj", "{73611865-45DA-41E9-81EE-2D420BB86127}"
EndProject
Global
	GlobalSection(SolutionConfigurationPlatforms) = preSolution
		Debug|Any CPU = Debug|Any CPU
		Release|Any CPU = Release|Any CPU
	EndGlobalSection
	GlobalSection(ProjectConfigurationPlatforms) = postSolution
		{73611865-45DA-41E9-81EE-2D420BB86127}.Debug|Any CPU.ActiveCfg = Debug|Any CPU
		{73611865-45DA-41E9-81EE-2D420BB86127}.Debug|Any CPU.Build.0 = Debug|Any CPU
		{73611865-45DA-41E9-81EE-2D420BB86127}.Release|Any CPU.ActiveCfg = Release|Any CPU
		{73611865-45DA-41E9-81EE-2D420BB86127}.Release|Any CPU.Build.0 = Release|Any CPU
	EndGlobalSection
	GlobalSection(SolutionProperties) = preSolution
		HideSolutionNode = FALSE
	EndGlobalSection
	GlobalSection(ExtensibilityGlobals) = postSolution
		SolutionGuid = {1D2BB97D-11B0-4CCE-9845-5883857AF052}
	EndGlobalSection
EndGlobal
